
Microsoft Visual Studio Solution File, Format Version 12.00
# Visual Studio Version 16
VisualStudioVersion = 16.0.31624.102
MinimumVisualStudioVersion = 10.0.40219.1
Project("{8BC9CEB8-8B4A-11D0-8D11-00A0C91BC942}") = "W7_MOV_COPY_EX", "W7_MOV_COPY_EX.vcxproj", "{154286AE-730F-4D3A-AFEE-27C526D29B74}"
EndProject
Global
	GlobalSection(SolutionConfigurationPlatforms) = preSolution
		Debug|ARM = Debug|ARM
		Debug|ARM64 = Debug|ARM64
		Debug|x64 = Debug|x64
		Debug|x86 = Debug|x86
		Release|ARM = Release|ARM
		Release|ARM64 = Release|ARM64
		Release|x64 = Release|x64
		Release|x86 = Release|x86
	EndGlobalSection
	GlobalSection(ProjectConfigurationPlatforms) = postSolution
		{154286AE-730F-4D3A-AFEE-27C526D29B74}.Debug|ARM.ActiveCfg = Debug|ARM
		{154286AE-730F-4D3A-AFEE-27C526D29B74}.Debug|ARM.Build.0 = Debug|ARM
		{154286AE-730F-4D3A-AFEE-27C526D29B74}.Debug|ARM.Deploy.0 = Debug|ARM
		{154286AE-730F-4D3A-AFEE-27C526D29B74}.Debug|ARM64.ActiveCfg = Debug|ARM64
		{154286AE-730F-4D3A-AFEE-27C526D29B74}.Debug|ARM64.Build.0 = Debug|ARM64
		{154286AE-730F-4D3A-AFEE-27C526D29B74}.Debug|ARM64.Deploy.0 = Debug|ARM64
		{154286AE-730F-4D3A-AFEE-27C526D29B74}.Debug|x64.ActiveCfg = Debug|x64
		{154286AE-730F-4D3A-AFEE-27C526D29B74}.Debug|x64.Build.0 = Debug|x64
		{154286AE-730F-4D3A-AFEE-27C526D29B74}.Debug|x64.Deploy.0 = Debug|x64
		{154286AE-730F-4D3A-AFEE-27C526D29B74}.Debug|x86.ActiveCfg = Debug|x86
		{154286AE-730F-4D3A-AFEE-27C526D29B74}.Debug|x86.Build.0 = Debug|x86
		{154286AE-730F-4D3A-AFEE-27C526D29B74}.Debug|x86.Deploy.0 = Debug|x86
		{154286AE-730F-4D3A-AFEE-27C526D29B74}.Release|ARM.ActiveCfg = Release|ARM
		{154286AE-730F-4D3A-AFEE-27C526D29B74}.Release|ARM.Build.0 = Release|ARM
		{154286AE-730F-4D3A-AFEE-27C526D29B74}.Release|ARM.Deploy.0 = Release|ARM
		{154286AE-730F-4D3A-AFEE-27C526D29B74}.Release|ARM64.ActiveCfg = Release|ARM64
		{154286AE-730F-4D3A-AFEE-27C526D29B74}.Release|ARM64.Build.0 = Release|ARM64
		{154286AE-730F-4D3A-AFEE-27C526D29B74}.Release|ARM64.Deploy.0 = Release|ARM64
		{154286AE-730F-4D3A-AFEE-27C526D29B74}.Release|x64.ActiveCfg = Release|x64
		{154286AE-730F-4D3A-AFEE-27C526D29B74}.Release|x64.Build.0 = Release|x64
		{154286AE-730F-4D3A-AFEE-27C526D29B74}.Release|x64.Deploy.0 = Release|x64
		{154286AE-730F-4D3A-AFEE-27C526D29B74}.Release|x86.ActiveCfg = Release|x86
		{154286AE-730F-4D3A-AFEE-27C526D29B74}.Release|x86.Build.0 = Release|x86
		{154286AE-730F-4D3A-AFEE-27C526D29B74}.Release|x86.Deploy.0 = Release|x86
	EndGlobalSection
	GlobalSection(SolutionProperties) = preSolution
		HideSolutionNode = FALSE
	EndGlobalSection
	GlobalSection(ExtensibilityGlobals) = postSolution
		SolutionGuid = {8B96809C-2BC5-43CD-BC71-4A4C0B3C97DC}
	EndGlobalSection
EndGlobal
